
Microsoft Visual Studio Solution File, Format Version 12.00
# Visual Studio 2013
VisualStudioVersion = 12.0.30110.0
MinimumVisualStudioVersion = 10.0.40219.1
Project("{FAE04EC0-301F-11D3-BF4B-00C04F79EFBC}") = "OddOrEvenIntegers", "OddOrEvenIntegers\OddOrEvenIntegers.csproj", "{6F91BADF-52CA-4282-A953-29BFA9C7F79B}"
EndProject
Project("{FAE04EC0-301F-11D3-BF4B-00C04F79EFBC}") = "GravitationOnTheMoon", "GravitationOnTheMoon\GravitationOnTheMoon.csproj", "{BF078E80-4264-406F-9CCB-EDF85F9E72D9}"
EndProject
Project("{FAE04EC0-301F-11D3-BF4B-00C04F79EFBC}") = "DivideBy7And5", "DivideBy7And5\DivideBy7And5.csproj", "{9E90E235-FD30-4AEB-9725-882B17935389}"
EndProject
Project("{FAE04EC0-301F-11D3-BF4B-00C04F79EFBC}") = "Rectangles", "Rectangles\Rectangles.csproj", "{6F6ADCC5-B803-4ABC-9299-7335216669DD}"
EndProject
Project("{FAE04EC0-301F-11D3-BF4B-00C04F79EFBC}") = "ThirdDigitIs7", "ThirdDigitIs7\ThirdDigitIs7.csproj", "{50631D87-6693-4D41-B361-1277C74F03C9}"
EndProject
Project("{FAE04EC0-301F-11D3-BF4B-00C04F79EFBC}") = "Four-Digit-Number", "Four-Digit-Number\Four-Digit-Number.csproj", "{A620BA6C-932D-4759-8966-DE30C725E8B8}"
EndProject
Project("{FAE04EC0-301F-11D3-BF4B-00C04F79EFBC}") = "Point-in-a-Circle", "Point-in-a-Circle\Point-in-a-Circle.csproj", "{2AB3F83F-3561-4169-80A8-490137AD3538}"
EndProject
Project("{FAE04EC0-301F-11D3-BF4B-00C04F79EFBC}") = "Prime-Number-Check", "Prime-Number-Check\Prime-Number-Check.csproj", "{666BDBEA-7FB2-46BC-8B93-8627B8CE7475}"
EndProject
Project("{FAE04EC0-301F-11D3-BF4B-00C04F79EFBC}") = "Trapezoids", "Trapezoids\Trapezoids.csproj", "{B2973368-D8E2-41C8-84D6-36926B2E2A9F}"
EndProject
Project("{FAE04EC0-301F-11D3-BF4B-00C04F79EFBC}") = "InCircleOutRect", "InCircleOutRect\InCircleOutRect.csproj", "{91BC0A11-5A5C-43B3-8701-3C3944682128}"
EndProject
Project("{FAE04EC0-301F-11D3-BF4B-00C04F79EFBC}") = "Extract-Bit-3", "Extract-Bit-3\Extract-Bit-3.csproj", "{A10631EE-3B5A-4B6B-B410-C90F8A773738}"
EndProject
Global
	GlobalSection(SolutionConfigurationPlatforms) = preSolution
		Debug|Any CPU = Debug|Any CPU
		Release|Any CPU = Release|Any CPU
	EndGlobalSection
	GlobalSection(ProjectConfigurationPlatforms) = postSolution
		{6F91BADF-52CA-4282-A953-29BFA9C7F79B}.Debug|Any CPU.ActiveCfg = Debug|Any CPU
		{6F91BADF-52CA-4282-A953-29BFA9C7F79B}.Debug|Any CPU.Build.0 = Debug|Any CPU
		{6F91BADF-52CA-4282-A953-29BFA9C7F79B}.Release|Any CPU.ActiveCfg = Release|Any CPU
		{6F91BADF-52CA-4282-A953-29BFA9C7F79B}.Release|Any CPU.Build.0 = Release|Any CPU
		{BF078E80-4264-406F-9CCB-EDF85F9E72D9}.Debug|Any CPU.ActiveCfg = Debug|Any CPU
		{BF078E80-4264-406F-9CCB-EDF85F9E72D9}.Debug|Any CPU.Build.0 = Debug|Any CPU
		{BF078E80-4264-406F-9CCB-EDF85F9E72D9}.Release|Any CPU.ActiveCfg = Release|Any CPU
		{BF078E80-4264-406F-9CCB-EDF85F9E72D9}.Release|Any CPU.Build.0 = Release|Any CPU
		{9E90E235-FD30-4AEB-9725-882B17935389}.Debug|Any CPU.ActiveCfg = Debug|Any CPU
		{9E90E235-FD30-4AEB-9725-882B17935389}.Debug|Any CPU.Build.0 = Debug|Any CPU
		{9E90E235-FD30-4AEB-9725-882B17935389}.Release|Any CPU.ActiveCfg = Release|Any CPU
		{9E90E235-FD30-4AEB-9725-882B17935389}.Release|Any CPU.Build.0 = Release|Any CPU
		{6F6ADCC5-B803-4ABC-9299-7335216669DD}.Debug|Any CPU.ActiveCfg = Debug|Any CPU
		{6F6ADCC5-B803-4ABC-9299-7335216669DD}.Debug|Any CPU.Build.0 = Debug|Any CPU
		{6F6ADCC5-B803-4ABC-9299-7335216669DD}.Release|Any CPU.ActiveCfg = Release|Any CPU
		{6F6ADCC5-B803-4ABC-9299-7335216669DD}.Release|Any CPU.Build.0 = Release|Any CPU
		{50631D87-6693-4D41-B361-1277C74F03C9}.Debug|Any CPU.ActiveCfg = Debug|Any CPU
		{50631D87-6693-4D41-B361-1277C74F03C9}.Debug|Any CPU.Build.0 = Debug|Any CPU
		{50631D87-6693-4D41-B361-1277C74F03C9}.Release|Any CPU.ActiveCfg = Release|Any CPU
		{50631D87-6693-4D41-B361-1277C74F03C9}.Release|Any CPU.Build.0 = Release|Any CPU
		{A620BA6C-932D-4759-8966-DE30C725E8B8}.Debug|Any CPU.ActiveCfg = Debug|Any CPU
		{A620BA6C-932D-4759-8966-DE30C725E8B8}.Debug|Any CPU.Build.0 = Debug|Any CPU
		{A620BA6C-932D-4759-8966-DE30C725E8B8}.Release|Any CPU.ActiveCfg = Release|Any CPU
		{A620BA6C-932D-4759-8966-DE30C725E8B8}.Release|Any CPU.Build.0 = Release|Any CPU
		{2AB3F83F-3561-4169-80A8-490137AD3538}.Debug|Any CPU.ActiveCfg = Debug|Any CPU
		{2AB3F83F-3561-4169-80A8-490137AD3538}.Debug|Any CPU.Build.0 = Debug|Any CPU
		{2AB3F83F-3561-4169-80A8-490137AD3538}.Release|Any CPU.ActiveCfg = Release|Any CPU
		{2AB3F83F-3561-4169-80A8-490137AD3538}.Release|Any CPU.Build.0 = Release|Any CPU
		{666BDBEA-7FB2-46BC-8B93-8627B8CE7475}.Debug|Any CPU.ActiveCfg = Debug|Any CPU
		{666BDBEA-7FB2-46BC-8B93-8627B8CE7475}.Debug|Any CPU.Build.0 = Debug|Any CPU
		{666BDBEA-7FB2-46BC-8B93-8627B8CE7475}.Release|Any CPU.ActiveCfg = Release|Any CPU
		{666BDBEA-7FB2-46BC-8B93-8627B8CE7475}.Release|Any CPU.Build.0 = Release|Any CPU
		{B2973368-D8E2-41C8-84D6-36926B2E2A9F}.Debug|Any CPU.ActiveCfg = Debug|Any CPU
		{B2973368-D8E2-41C8-84D6-36926B2E2A9F}.Debug|Any CPU.Build.0 = Debug|Any CPU
		{B2973368-D8E2-41C8-84D6-36926B2E2A9F}.Release|Any CPU.ActiveCfg = Release|Any CPU
		{B2973368-D8E2-41C8-84D6-36926B2E2A9F}.Release|Any CPU.Build.0 = Release|Any CPU
		{91BC0A11-5A5C-43B3-8701-3C3944682128}.Debug|Any CPU.ActiveCfg = Debug|Any CPU
		{91BC0A11-5A5C-43B3-8701-3C3944682128}.Debug|Any CPU.Build.0 = Debug|Any CPU
		{91BC0A11-5A5C-43B3-8701-3C3944682128}.Release|Any CPU.ActiveCfg = Release|Any CPU
		{91BC0A11-5A5C-43B3-8701-3C3944682128}.Release|Any CPU.Build.0 = Release|Any CPU
		{A10631EE-3B5A-4B6B-B410-C90F8A773738}.Debug|Any CPU.ActiveCfg = Debug|Any CPU
		{A10631EE-3B5A-4B6B-B410-C90F8A773738}.Debug|Any CPU.Build.0 = Debug|Any CPU
		{A10631EE-3B5A-4B6B-B410-C90F8A773738}.Release|Any CPU.ActiveCfg = Release|Any CPU
		{A10631EE-3B5A-4B6B-B410-C90F8A773738}.Release|Any CPU.Build.0 = Release|Any CPU
	EndGlobalSection
	GlobalSection(SolutionProperties) = preSolution
		HideSolutionNode = FALSE
	EndGlobalSection
EndGlobal
